Microsoft Visual Studio Solution File, Format Version 12.00
# Visual Studio Version 16
VisualStudioVersion = 16.0.30709.132
MinimumVisualStudioVersion = 10.0.40219.1
Project("{FAE04EC0-301F-11D3-BF4B-00C04F79EFBC}") = "SPIRVCross", "SPIRVCross\SPIRVCross.csproj", "{73FFE2DC-17FE-455C-B778-D18CAC29C800}"
EndProject
Project("{FAE04EC0-301F-11D3-BF4B-00C04F79EFBC}") = "SPIRVCross.Test", "SPIRVCross.Test\SPIRVCross.Test.csproj", "{491B4DD5-3C47-4917-9014-48889D87FE59}"
EndProject
Global
	GlobalSection(SolutionConfigurationPlatforms) = preSolution
		Debug|Any CPU = Debug|Any CPU
		Release|Any CPU = Release|Any CPU
	EndGlobalSection
	GlobalSection(ProjectConfigurationPlatforms) = postSolution
		{73FFE2DC-17FE-455C-B778-D18CAC29C800}.Debug|Any CPU.ActiveCfg = Debug|Any CPU
		{73FFE2DC-17FE-455C-B778-D18CAC29C800}.Debug|Any CPU.Build.0 = Debug|Any CPU
		{73FFE2DC-17FE-455C-B778-D18CAC29C800}.Release|Any CPU.ActiveCfg = Release|Any CPU
		{73FFE2DC-17FE-455C-B778-D18CAC29C800}.Release|Any CPU.Build.0 = Release|Any CPU
		{491B4DD5-3C47-4917-9014-48889D87FE59}.Debug|Any CPU.ActiveCfg = Debug|Any CPU
		{491B4DD5-3C47-4917-9014-48889D87FE59}.Debug|Any CPU.Build.0 = Debug|Any CPU
		{491B4DD5-3C47-4917-9014-48889D87FE59}.Release|Any CPU.ActiveCfg = Release|Any CPU
		{491B4DD5-3C47-4917-9014-48889D87FE59}.Release|Any CPU.Build.0 = Release|Any CPU
	EndGlobalSection
	GlobalSection(SolutionProperties) = preSolution
		HideSolutionNode = FALSE
	EndGlobalSection
	GlobalSection(ExtensibilityGlobals) = postSolution
		SolutionGuid = {E8BBFE59-3AD9-4354-A088-134926F1CB46}
	EndGlobalSection
EndGlobal
